// !$*UTF8*$!
{
	archiveVersion = 1;
	classes = {
	};
	objectVersion = 48;
	objects = {

/* Begin PBXBuildFile section */
		5C26548F1FF432C100706A70 /* sporsy.jpg in Resources */ = {isa = PBXBuildFile; fileRef = 5C26548E1FF432C100706A70 /* sporsy.jpg */; };
		5C7B640B1FEF9E3A007356F6 /* AppDelegate.swift in Sources */ = {isa = PBXBuildFile; fileRef = 5C7B640A1FEF9E3A007356F6 /* AppDelegate.swift */; };
		5C7B640D1FEF9E3A007356F6 /* FeedViewController.swift in Sources */ = {isa = PBXBuildFile; fileRef = 5C7B640C1FEF9E3A007356F6 /* FeedViewController.swift */; };
		5C7B64101FEF9E3A007356F6 /* Main.storyboard in Resources */ = {isa = PBXBuildFile; fileRef = 5C7B640E1FEF9E3A007356F6 /* Main.storyboard */; };
		5C7B64121FEF9E3A007356F6 /* Assets.xcassets in Resources */ = {isa = PBXBuildFile; fileRef = 5C7B64111FEF9E3A007356F6 /* Assets.xcassets */; };
		5C7B64151FEF9E3A007356F6 /* LaunchScreen.storyboard in Resources */ = {isa = PBXBuildFile; fileRef = 5C7B64131FEF9E3A007356F6 /* LaunchScreen.storyboard */; };
		5CA247432006B33500F7E1B7 /* ExploreViewController.swift in Sources */ = {isa = PBXBuildFile; fileRef = 5CA247422006B33500F7E1B7 /* ExploreViewController.swift */; };
		5CA247452006B35700F7E1B7 /* MainViewContoller.swift in Sources */ = {isa = PBXBuildFile; fileRef = 5CA247442006B35700F7E1B7 /* MainViewContoller.swift */; };
		5CA247472006B36700F7E1B7 /* NotificationsViewContoller.swift in Sources */ = {isa = PBXBuildFile; fileRef = 5CA247462006B36700F7E1B7 /* NotificationsViewContoller.swift */; };
		5CA247492006B37600F7E1B7 /* ProfileViewController.swift in Sources */ = {isa = PBXBuildFile; fileRef = 5CA247482006B37600F7E1B7 /* ProfileViewController.swift */; };
/* End PBXBuildFile section */

/* Begin PBXFileReference section */
		5C26548E1FF432C100706A70 /* sporsy.jpg */ = {isa = PBXFileReference; lastKnownFileType = image.jpeg; path = sporsy.jpg; sourceTree = "<group>"; };
		5C7B64071FEF9E3A007356F6 /* Sporsy.app */ = {isa = PBXFileReference; explicitFileType = wrapper.application; includeInIndex = 0; path = Sporsy.app; sourceTree = BUILT_PRODUCTS_DIR; };
		5C7B640A1FEF9E3A007356F6 /* AppDelegate.swift */ = {isa = PBXFileReference; lastKnownFileType = sourcecode.swift; path = AppDelegate.swift; sourceTree = "<group>"; };
		5C7B640C1FEF9E3A007356F6 /* FeedViewController.swift */ = {isa = PBXFileReference; lastKnownFileType = sourcecode.swift; path = FeedViewController.swift; sourceTree = "<group>"; };
		5C7B640F1FEF9E3A007356F6 /* Base */ = {isa = PBXFileReference; lastKnownFileType = file.storyboard; name = Base; path = Base.lproj/Main.storyboard; sourceTree = "<group>"; };
		5C7B64111FEF9E3A007356F6 /* Assets.xcassets */ = {isa = PBXFileReference; lastKnownFileType = folder.assetcatalog; path = Assets.xcassets; sourceTree = "<group>"; };
		5C7B64141FEF9E3A007356F6 /* Base */ = {isa = PBXFileReference; lastKnownFileType = file.storyboard; name = Base; path = Base.lproj/LaunchScreen.storyboard; sourceTree = "<group>"; };
		5C7B64161FEF9E3A007356F6 /* Info.plist */ = {isa = PBXFileReference; lastKnownFileType = text.plist.xml; path = Info.plist; sourceTree = "<group>"; };
		5CA247422006B33500F7E1B7 /* ExploreViewController.swift */ = {isa = PBXFileReference; lastKnownFileType = sourcecode.swift; path = ExploreViewController.swift; sourceTree = "<group>"; };
		5CA247442006B35700F7E1B7 /* MainViewContoller.swift */ = {isa = PBXFileReference; lastKnownFileType = sourcecode.swift; path = MainViewContoller.swift; sourceTree = "<group>"; };
		5CA247462006B36700F7E1B7 /* NotificationsViewContoller.swift */ = {isa = PBXFileReference; lastKnownFileType = sourcecode.swift; path = NotificationsViewContoller.swift; sourceTree = "<group>"; };
		5CA247482006B37600F7E1B7 /* ProfileViewController.swift */ = {isa = PBXFileReference; lastKnownFileType = sourcecode.swift; path = ProfileViewController.swift; sourceTree = "<group>"; };
/* End PBXFileReference section */

/* Begin PBXFrameworksBuildPhase section */
		5C7B64041FEF9E39007356F6 /* Frameworks */ = {
			isa = PBXFrameworksBuildPhase;
			buildActionMask = 2147483647;
			files = (
			);
			runOnlyForDeploymentPostprocessing = 0;
		};
/* End PBXFrameworksBuildPhase section */

/* Begin PBXGroup section */
		5C7B63FE1FEF9E39007356F6 = {
			isa = PBXGroup;
			children = (
				5C7B64091FEF9E3A007356F6 /* Sporsy */,
				5C7B64081FEF9E3A007356F6 /* Products */,
				5C26548E1FF432C100706A70 /* sporsy.jpg */,
			);
			sourceTree = "<group>";
		};
		5C7B64081FEF9E3A007356F6 /* Products */ = {
			isa = PBXGroup;
			children = (
				5C7B64071FEF9E3A007356F6 /* Sporsy.app */,
			);
			name = Products;
			sourceTree = "<group>";
		};
		5C7B64091FEF9E3A007356F6 /* Sporsy */ = {
			isa = PBXGroup;
			children = (
				5C7B640A1FEF9E3A007356F6 /* AppDelegate.swift */,
				5CA2474B2006B3C900F7E1B7 /* View */,
				5CA2474A2006B38400F7E1B7 /* Controller */,
				5C7B64111FEF9E3A007356F6 /* Assets.xcassets */,
				5C7B64131FEF9E3A007356F6 /* LaunchScreen.storyboard */,
				5C7B64161FEF9E3A007356F6 /* Info.plist */,
			);
			path = Sporsy;
			sourceTree = "<group>";
		};
		5CA2474A2006B38400F7E1B7 /* Controller */ = {
			isa = PBXGroup;
			children = (
				5CA247482006B37600F7E1B7 /* ProfileViewController.swift */,
				5CA247462006B36700F7E1B7 /* NotificationsViewContoller.swift */,
				5CA247442006B35700F7E1B7 /* MainViewContoller.swift */,
				5C7B640C1FEF9E3A007356F6 /* FeedViewController.swift */,
				5CA247422006B33500F7E1B7 /* ExploreViewController.swift */,
			);
			path = Controller;
			sourceTree = "<group>";
		};
		5CA2474B2006B3C900F7E1B7 /* View */ = {
			isa = PBXGroup;
			children = (
				5C7B640E1FEF9E3A007356F6 /* Main.storyboard */,
			);
			path = View;
			sourceTree = "<group>";
		};
/* End PBXGroup section */

/* Begin PBXNativeTarget section */
		5C7B64061FEF9E39007356F6 /* Sporsy */ = {
			isa = PBXNativeTarget;
			buildConfigurationList = 5C7B64191FEF9E3A007356F6 /* Build configuration list for PBXNativeTarget "Sporsy" */;
			buildPhases = (
				5C7B64031FEF9E39007356F6 /* Sources */,
				5C7B64041FEF9E39007356F6 /* Frameworks */,
				5C7B64051FEF9E39007356F6 /* Resources */,
			);
			buildRules = (
			);
			dependencies = (
			);
			name = Sporsy;
			productName = Sporsy;
			productReference = 5C7B64071FEF9E3A007356F6 /* Sporsy.app */;
			productType = "com.apple.product-type.application";
		};
/* End PBXNativeTarget section */

/* Begin PBXProject section */
		5C7B63FF1FEF9E39007356F6 /* Project object */ = {
			isa = PBXProject;
			attributes = {
				LastSwiftUpdateCheck = 0920;
				LastUpgradeCheck = 0920;
				ORGANIZATIONNAME = "Ryan Beck";
				TargetAttributes = {
					5C7B64061FEF9E39007356F6 = {
						CreatedOnToolsVersion = 9.2;
						ProvisioningStyle = Automatic;
					};
				};
			};
			buildConfigurationList = 5C7B64021FEF9E39007356F6 /* Build configuration list for PBXProject "Sporsy" */;
			compatibilityVersion = "Xcode 8.0";
			developmentRegion = en;
			hasScannedForEncodings = 0;
			knownRegions = (
				en,
				Base,
			);
			mainGroup = 5C7B63FE1FEF9E39007356F6;
			productRefGroup = 5C7B64081FEF9E3A007356F6 /* Products */;
			projectDirPath = "";
			projectRoot = "";
			targets = (
				5C7B64061FEF9E39007356F6 /* Sporsy */,
			);
		};
/* End PBXProject section */

/* Begin PBXResourcesBuildPhase section */
		5C7B64051FEF9E39007356F6 /* Resources */ = {
			isa = PBXResourcesBuildPhase;
			buildActionMask = 2147483647;
			files = (
				5C7B64151FEF9E3A007356F6 /* LaunchScreen.storyboard in Resources */,
				5C26548F1FF432C100706A70 /* sporsy.jpg in Resources */,
				5C7B64121FEF9E3A007356F6 /* Assets.xcassets in Resources */,
				5C7B64101FEF9E3A007356F6 /* Main.storyboard in Resources */,
			);
			runOnlyForDeploymentPostprocessing = 0;
		};
/* End PBXResourcesBuildPhase section */

/* Begin PBXSourcesBuildPhase section */
		5C7B64031FEF9E39007356F6 /* Sources */ = {
			isa = PBXSourcesBuildPhase;
			buildActionMask = 2147483647;
			files = (
				5CA247492006B37600F7E1B7 /* ProfileViewController.swift in Sources */,
				5CA247472006B36700F7E1B7 /* NotificationsViewContoller.swift in Sources */,
				5CA247452006B35700F7E1B7 /* MainViewContoller.swift in Sources */,
				5C7B640D1FEF9E3A007356F6 /* FeedViewController.swift in Sources */,
				5C7B640B1FEF9E3A007356F6 /* AppDelegate.swift in Sources */,
				5CA247432006B33500F7E1B7 /* ExploreViewController.swift in Sources */,
			);
			runOnlyForDeploymentPostprocessing = 0;
		};
/* End PBXSourcesBuildPhase section */

/* Begin PBXVariantGroup section */
		5C7B640E1FEF9E3A007356F6 /* Main.storyboard */ = {
			isa = PBXVariantGroup;
			children = (
				5C7B640F1FEF9E3A007356F6 /* Base */,
			);
			name = Main.storyboard;
			sourceTree = "<group>";
		};
		5C7B64131FEF9E3A007356F6 /* LaunchScreen.storyboard */ = {
			isa = PBXVariantGroup;
			children = (
				5C7B64141FEF9E3A007356F6 /* Base */,
			);
			name = LaunchScreen.storyboard;
			sourceTree = "<group>";
		};
/* End PBXVariantGroup section */

/* Begin XCBuildConfiguration section */
		5C7B64171FEF9E3A007356F6 /* Debug */ = {
			isa = XCBuildConfiguration;
			buildSettings = {
				ALWAYS_SEARCH_USER_PATHS = NO;
				CLANG_ANALYZER_NONNULL = YES;
				CLANG_ANALYZER_NUMBER_OBJECT_CONVERSION = YES_AGGRESSIVE;
				CLANG_CXX_LANGUAGE_STANDARD = "gnu++14";
				CLANG_CXX_LIBRARY = "libc++";
				CLANG_ENABLE_MODULES = YES;
				CLANG_ENABLE_OBJC_ARC = YES;
				CLANG_WARN_BLOCK_CAPTURE_AUTORELEASING = YES;
				CLANG_WARN_BOOL_CONVERSION = YES;
				CLANG_WARN_COMMA = YES;
				CLANG_WARN_CONSTANT_CONVERSION = YES;
				CLANG_WARN_DIRECT_OBJC_ISA_USAGE = YES_ERROR;
				CLANG_WARN_DOCUMENTATION_COMMENTS = YES;
				CLANG_WARN_EMPTY_BODY = YES;
				CLANG_WARN_ENUM_CONVERSION = YES;
				CLANG_WARN_INFINITE_RECURSION = YES;
				CLANG_WARN_INT_CONVERSION = YES;
				CLANG_WARN_NON_LITERAL_NULL_CONVERSION = YES;
				CLANG_WARN_OBJC_LITERAL_CONVERSION = YES;
				CLANG_WARN_OBJC_ROOT_CLASS = YES_ERROR;
				CLANG_WARN_RANGE_LOOP_ANALYSIS = YES;
				CLANG_WARN_STRICT_PROTOTYPES = YES;
				CLANG_WARN_SUSPICIOUS_MOVE = YES;
				CLANG_WARN_UNGUARDED_AVAILABILITY = YES_AGGRESSIVE;
				CLANG_WARN_UNREACHABLE_CODE = YES;
				CLANG_WARN__DUPLICATE_METHOD_MATCH = YES;
				CODE_SIGN_IDENTITY = "iPhone Developer";
				COPY_PHASE_STRIP = NO;
				DEBUG_INFORMATION_FORMAT = dwarf;
				ENABLE_STRICT_OBJC_MSGSEND = YES;
				ENABLE_TESTABILITY = YES;
				GCC_C_LANGUAGE_STANDARD = gnu11;
				GCC_DYNAMIC_NO_PIC = NO;
				GCC_NO_COMMON_BLOCKS = YES;
				GCC_OPTIMIZATION_LEVEL = 0;
				GCC_PREPROCESSOR_DEFINITIONS = (
					"DEBUG=1",
					"$(inherited)",
				);
				GCC_WARN_64_TO_32_BIT_CONVERSION = YES;
				GCC_WARN_ABOUT_RETURN_TYPE = YES_ERROR;
				GCC_WARN_UNDECLARED_SELECTOR = YES;
				GCC_WARN_UNINITIALIZED_AUTOS = YES_AGGRESSIVE;
				GCC_WARN_UNUSED_FUNCTION = YES;
				GCC_WARN_UNUSED_VARIABLE = YES;
				IPHONEOS_DEPLOYMENT_TARGET = 11.2;
				MTL_ENABLE_DEBUG_INFO = YES;
				ONLY_ACTIVE_ARCH = YES;
				SDKROOT = iphoneos;
				SWIFT_ACTIVE_COMPILATION_CONDITIONS = DEBUG;
				SWIFT_OPTIMIZATION_LEVEL = "-Onone";
			};
			name = Debug;
		};
		5C7B64181FEF9E3A007356F6 /* Release */ = {
			isa = XCBuildConfiguration;
			buildSettings = {
				ALWAYS_SEARCH_USER_PATHS = NO;
				CLANG_ANALYZER_NONNULL = YES;
				CLANG_ANALYZER_NUMBER_OBJECT_CONVERSION = YES_AGGRESSIVE;
				CLANG_CXX_LANGUAGE_STANDARD = "gnu++14";
				CLANG_CXX_LIBRARY = "libc++";
				CLANG_ENABLE_MODULES = YES;
				CLANG_ENABLE_OBJC_ARC = YES;
				CLANG_WARN_BLOCK_CAPTURE_AUTORELEASING = YES;
				CLANG_WARN_BOOL_CONVERSION = YES;
				CLANG_WARN_COMMA = YES;
				CLANG_WARN_CONSTANT_CONVERSION = YES;
				CLANG_WARN_DIRECT_OBJC_ISA_USAGE = YES_ERROR;
				CLANG_WARN_DOCUMENTATION_COMMENTS = YES;
				CLANG_WARN_EMPTY_BODY = YES;
				CLANG_WARN_ENUM_CONVERSION = YES;
				CLANG_WARN_INFINITE_RECURSION = YES;
				CLANG_WARN_INT_CONVERSION = YES;
				CLANG_WARN_NON_LITERAL_NULL_CONVERSION = YES;
				CLANG_WARN_OBJC_LITERAL_CONVERSION = YES;
				CLANG_WARN_OBJC_ROOT_CLASS = YES_ERROR;
				CLANG_WARN_RANGE_LOOP_ANALYSIS = YES;
				CLANG_WARN_STRICT_PROTOTYPES = YES;
				CLANG_WARN_SUSPICIOUS_MOVE = YES;
				CLANG_WARN_UNGUARDED_AVAILABILITY = YES_AGGRESSIVE;
				CLANG_WARN_UNREACHABLE_CODE = YES;
				CLANG_WARN__DUPLICATE_METHOD_MATCH = YES;
				CODE_SIGN_IDENTITY = "iPhone Developer";
				COPY_PHASE_STRIP = NO;
				DEBUG_INFORMATION_FORMAT = "dwarf-with-dsym";
				ENABLE_NS_ASSERTIONS = NO;
				ENABLE_STRICT_OBJC_MSGSEND = YES;
				GCC_C_LANGUAGE_STANDARD = gnu11;
				GCC_NO_COMMON_BLOCKS = YES;
				GCC_WARN_64_TO_32_BIT_CONVERSION = YES;
				GCC_WARN_ABOUT_RETURN_TYPE = YES_ERROR;
				GCC_WARN_UNDECLARED_SELECTOR = YES;
				GCC_WARN_UNINITIALIZED_AUTOS = YES_AGGRESSIVE;
				GCC_WARN_UNUSED_FUNCTION = YES;
				GCC_WARN_UNUSED_VARIABLE = YES;
				IPHONEOS_DEPLOYMENT_TARGET = 11.2;
				MTL_ENABLE_DEBUG_INFO = NO;
				SDKROOT = iphoneos;
				SWIFT_OPTIMIZATION_LEVEL = "-Owholemodule";
				VALIDATE_PRODUCT = YES;
			};
			name = Release;
		};
		5C7B641A1FEF9E3A007356F6 /* Debug */ = {
			isa = XCBuildConfiguration;
			buildSettings = {
				ASSETCATALOG_COMPILER_APPICON_NAME = AppIcon;
				CODE_SIGN_STYLE = Automatic;
				DEVELOPMENT_TEAM = 8F2M4CNS9D;
				INFOPLIST_FILE = Sporsy/Info.plist;
				LD_RUNPATH_SEARCH_PATHS = "$(inherited) @executable_path/Frameworks";
				PRODUCT_BUNDLE_IDENTIFIER = com.ryanbeck.Sporsy;
				PRODUCT_NAME = "$(TARGET_NAME)";
				SWIFT_VERSION = 4.0;
				TARGETED_DEVICE_FAMILY = "1,2";
			};
			name = Debug;
		};
		5C7B641B1FEF9E3A007356F6 /* Release */ = {
			isa = XCBuildConfiguration;
			buildSettings = {
				ASSETCATALOG_COMPILER_APPICON_NAME = AppIcon;
				CODE_SIGN_STYLE = Automatic;
				DEVELOPMENT_TEAM = 8F2M4CNS9D;
				INFOPLIST_FILE = Sporsy/Info.plist;
				LD_RUNPATH_SEARCH_PATHS = "$(inherited) @executable_path/Frameworks";
				PRODUCT_BUNDLE_IDENTIFIER = com.ryanbeck.Sporsy;
				PRODUCT_NAME = "$(TARGET_NAME)";
				SWIFT_VERSION = 4.0;
				TARGETED_DEVICE_FAMILY = "1,2";
			};
			name = Release;
		};
/* End XCBuildConfiguration section */

/* Begin XCConfigurationList section */
		5C7B64021FEF9E39007356F6 /* Build configuration list for PBXProject "Sporsy" */ = {
			isa = XCConfigurationList;
			buildConfigurations = (
				5C7B64171FEF9E3A007356F6 /* Debug */,
				5C7B64181FEF9E3A007356F6 /* Release */,
			);
			defaultConfigurationIsVisible = 0;
			defaultConfigurationName = Release;
		};
		5C7B64191FEF9E3A007356F6 /* Build configuration list for PBXNativeTarget "Sporsy" */ = {
			isa = XCConfigurationList;
			buildConfigurations = (
				5C7B641A1FEF9E3A007356F6 /* Debug */,
				5C7B641B1FEF9E3A007356F6 /* Release */,
			);
			defaultConfigurationIsVisible = 0;
			defaultConfigurationName = Release;
		};
/* End XCConfigurationList section */
	};
	rootObject = 5C7B63FF1FEF9E39007356F6 /* Project object */;
}
